{
  "nodes": {
    "ass-master": {
      "inputs": {
        "flakeNimbleLib": [
          "flakeNimbleLib"
        ],
        "nixpkgs": [
          "nixpkgs"
        ],
        "src-ass-master": "src-ass-master"
      },
      "locked": {
        "dir": "master",
        "lastModified": 1667322145,
        "narHash": "sha256-hSA8Dr0EEnOsLNlKpiB5fVQAvKI1KZNOvCQq0fZT4UY=",
        "owner": "nim-nix-pkgs",
        "repo": "ass",
        "rev": "e6e30e8c9406c720df6b50ef5d666c6ddac76e4c",
        "type": "github"
      },
      "original": {
        "dir": "master",
        "owner": "nim-nix-pkgs",
        "ref": "master",
        "repo": "ass",
        "type": "github"
      }
    },
    "flakeNimbleLib": {
      "inputs": {
        "nixpkgs": [
          "nixpkgs"
        ]
      },
      "locked": {
        "lastModified": 1662018438,
        "narHash": "sha256-QtNtU6+LX3Wokxf0zlFwKTFOcn6TeDjKQZ+DA9OYtvM=",
        "owner": "riinr",
        "repo": "nim-flakes-lib",
        "rev": "b1fe8340736e3a85d25c709ac3dfd82a55c03cbf",
        "type": "github"
      },
      "original": {
        "owner": "riinr",
        "ref": "master",
        "repo": "nim-flakes-lib",
        "type": "github"
      }
    },
    "nixpkgs": {
      "locked": {
        "lastModified": 1667199707,
        "narHash": "sha256-I2Js3Y7gUyVSEXPULHlBoRek4Lh85vnevdS6mdvDNLI=",
        "owner": "NixOS",
        "repo": "nixpkgs",
        "rev": "ced197be72099edcfa68ebed8b87af7b04851f45",
        "type": "github"
      },
      "original": {
        "id": "nixpkgs",
        "type": "indirect"
      }
    },
    "root": {
      "inputs": {
        "ass-master": "ass-master",
        "flakeNimbleLib": "flakeNimbleLib",
        "nixpkgs": "nixpkgs"
      }
    },
    "src-ass-master": {
      "flake": false,
      "locked": {
        "lastModified": 1622383188,
        "narHash": "sha256-hYDLemEMFUjY2laXTEUbtsSIZ7WeOTF1y013dMHuf+k=",
        "owner": "0kalekale",
        "repo": "libass-nim",
        "rev": "13e3c29ca782dbe798730116bb10a9b5ac9a99b8",
        "type": "github"
      },
      "original": {
        "owner": "0kalekale",
        "ref": "refs/heads/master",
        "repo": "libass-nim",
        "type": "github"
      }
    }
  },
  "root": "root",
  "version": 7
}
